
Microsoft Visual Studio Solution File, Format Version 12.00
# Visual Studio 2012
Project("{FAE04EC0-301F-11D3-BF4B-00C04F79EFBC}") = "LoadBalancer", "LoadBalancer.Console\LoadBalancer.csproj", "{6DFD1BA6-9C23-4112-9B58-8739CFDA6887}"
EndProject
Global
	GlobalSection(SolutionConfigurationPlatforms) = preSolution
		Debug|Any CPU = Debug|Any CPU
		Release|Any CPU = Release|Any CPU
	EndGlobalSection
	GlobalSection(ProjectConfigurationPlatforms) = postSolution
		{6DFD1BA6-9C23-4112-9B58-8739CFDA6887}.Debug|Any CPU.ActiveCfg = Debug|Any CPU
		{6DFD1BA6-9C23-4112-9B58-8739CFDA6887}.Debug|Any CPU.Build.0 = Debug|Any CPU
		{6DFD1BA6-9C23-4112-9B58-8739CFDA6887}.Release|Any CPU.ActiveCfg = Release|Any CPU
		{6DFD1BA6-9C23-4112-9B58-8739CFDA6887}.Release|Any CPU.Build.0 = Release|Any CPU
	EndGlobalSection
	GlobalSection(SolutionProperties) = preSolution
		HideSolutionNode = FALSE
	EndGlobalSection
EndGlobal
